<?xml version="1.0" encoding="utf-8"?>
<Project ToolsVersion="4.0" xmlns="http://schemas.microsoft.com/developer/msbuild/2003">
  <ItemGroup>
    <ClInclude Include="Src\Graphics\Context.h" />
    <ClInclude Include="Src\PCH.h" />
    <ClInclude Include="Src\Wnd\Wnd.h" />
    <ClInclude Include="Src\Wnd\WndFrame.h" />
    <ClInclude Include="Src\Core\TypeDecl.h" />
    <ClInclude Include="Src\Graphics\DX11\DX11Config.h" />
    <ClInclude Include="Src\Graphics\DX11\DXContext.h" />
    <ClInclude Include="Src\Core\Log.h" />
    <ClInclude Include="Src\Core\Singleton.h" />
    <ClInclude Include="Src\Graphics\DX11\DXBuffer.h" />
    <ClInclude Include="Src\Engine\Scene.h" />
    <ClInclude Include="Src\Math\LinearMath.h" />
    <ClInclude Include="Src\Graphics\DX11\DXShader.h" />
    <ClInclude Include="Src\Math\mat4x4.h" />
    <ClInclude Include="Src\Engine\Timer.h" />
    <ClInclude Include="Src\Engine\Input.h" />
    <ClInclude Include="Src\Math\vec2f.h" />
    <ClInclude Include="Src\Math\vec3f.h" />
    <ClInclude Include="Src\Math\rect.h" />
    <ClInclude Include="Src\Graphics\DX11\DXTexture.h" />
    <ClInclude Include="Src\Graphics\Texture.h" />
    <ClInclude Include="Src\Component\Transform.h" />
    <ClInclude Include="Src\Core\FileSystem.h" />
    <ClInclude Include="Src\Wnd\WndConfig.h" />
    <ClInclude Include="Src\Graphics\Model.h" />
    <ClInclude Include="Src\Graphics\DX11\DXModel.h" />
    <ClInclude Include="Src\Core\Type.h" />
    <ClInclude Include="Src\Graphics\Buffer.h" />
    <ClInclude Include="Src\Graphics\Shader.h" />
    <ClInclude Include="Src\Graphics\Format.h" />
  </ItemGroup>
  <ItemGroup>
    <ClCompile Include="Src\Main.cpp" />
    <ClCompile Include="Src\Wnd\Wnd.cpp" />
    <ClCompile Include="Src\PCH.cpp" />
    <ClCompile Include="Src\Wnd\WndFrame.cpp" />
    <ClCompile Include="Src\Graphics\DX11\DXContext.cpp" />
    <ClCompile Include="Src\Core\Log.cpp" />
    <ClCompile Include="Src\Graphics\DX11\DXBuffer.cpp" />
    <ClCompile Include="Src\Graphics\Context.cpp" />
    <ClCompile Include="Src\Engine\Scene.cpp" />
    <ClCompile Include="Src\Graphics\DX11\DXShader.cpp" />
    <ClCompile Include="Src\Engine\Timer.cpp" />
    <ClCompile Include="Src\Engine\Input.cpp" />
    <ClCompile Include="Src\Graphics\DX11\DXTexture.cpp" />
    <ClCompile Include="Src\Graphics\Texture.cpp" />
    <ClCompile Include="Src\Component\Transform.cpp" />
    <ClCompile Include="Src\Core\FileSystem.cpp" />
    <ClCompile Include="Src\Graphics\Model.cpp" />
    <ClCompile Include="Src\Graphics\DX11\DXModel.cpp" />
    <ClCompile Include="Src\Graphics\Buffer.cpp" />
    <ClCompile Include="Src\Graphics\Shader.cpp" />
    <ClCompile Include="Src\Graphics\Format.cpp" />
  </ItemGroup>
</Project>